
Microsoft Visual Studio Solution File, Format Version 12.00
# Visual Studio Version 17
VisualStudioVersion = 17.0.32112.339
MinimumVisualStudioVersion = 10.0.40219.1
Project("{9A19103F-16F7-4668-BE54-9A1E7A4F7556}") = "Exercise1", "Exercises\Exercise1.csproj", "{022E64DF-9129-408B-BF7D-FC9834AF441C}"
EndProject
Project("{9A19103F-16F7-4668-BE54-9A1E7A4F7556}") = "Exercise2", "Exercise2\Exercise2.csproj", "{BEDF9F5E-1E00-48F0-83EE-323F06434E6A}"
EndProject
Project("{9A19103F-16F7-4668-BE54-9A1E7A4F7556}") = "Exercise3", "Exercise3\Exercise3.csproj", "{CC154236-B3E5-4AEF-983A-FF6C780FCA98}"
EndProject
Project("{9A19103F-16F7-4668-BE54-9A1E7A4F7556}") = "Exercise4", "Exercise4\Exercise4.csproj", "{F7919D99-5F10-46CA-849F-0645108A3379}"
EndProject
Project("{9A19103F-16F7-4668-BE54-9A1E7A4F7556}") = "Exercise5", "Exercise5\Exercise5.csproj", "{8DE792A4-54E1-442D-B894-B161DD63769F}"
EndProject
Project("{FAE04EC0-301F-11D3-BF4B-00C04F79EFBC}") = "Exercise6", "Exercise6\Exercise6.csproj", "{1F1D8A95-86CA-4A82-801E-0A7566CD63AD}"
EndProject
Project("{FAE04EC0-301F-11D3-BF4B-00C04F79EFBC}") = "Exercise7", "Exercise7\Exercise7.csproj", "{CD96DB35-1D04-46DC-AACD-EB2E834ED0CD}"
EndProject
Project("{FAE04EC0-301F-11D3-BF4B-00C04F79EFBC}") = "Exercise8", "Exercise8\Exercise8.csproj", "{AE14AAD5-70C7-4E4E-BAE5-3E7871E64EB6}"
EndProject
Project("{FAE04EC0-301F-11D3-BF4B-00C04F79EFBC}") = "Exercise9", "Exercise9\Exercise9.csproj", "{97F315CC-C377-47A1-B3AA-57191EBC9688}"
EndProject
Global
	GlobalSection(SolutionConfigurationPlatforms) = preSolution
		Debug|Any CPU = Debug|Any CPU
		Release|Any CPU = Release|Any CPU
	EndGlobalSection
	GlobalSection(ProjectConfigurationPlatforms) = postSolution
		{022E64DF-9129-408B-BF7D-FC9834AF441C}.Debug|Any CPU.ActiveCfg = Debug|Any CPU
		{022E64DF-9129-408B-BF7D-FC9834AF441C}.Debug|Any CPU.Build.0 = Debug|Any CPU
		{022E64DF-9129-408B-BF7D-FC9834AF441C}.Release|Any CPU.ActiveCfg = Release|Any CPU
		{022E64DF-9129-408B-BF7D-FC9834AF441C}.Release|Any CPU.Build.0 = Release|Any CPU
		{BEDF9F5E-1E00-48F0-83EE-323F06434E6A}.Debug|Any CPU.ActiveCfg = Debug|Any CPU
		{BEDF9F5E-1E00-48F0-83EE-323F06434E6A}.Debug|Any CPU.Build.0 = Debug|Any CPU
		{BEDF9F5E-1E00-48F0-83EE-323F06434E6A}.Release|Any CPU.ActiveCfg = Release|Any CPU
		{BEDF9F5E-1E00-48F0-83EE-323F06434E6A}.Release|Any CPU.Build.0 = Release|Any CPU
		{CC154236-B3E5-4AEF-983A-FF6C780FCA98}.Debug|Any CPU.ActiveCfg = Debug|Any CPU
		{CC154236-B3E5-4AEF-983A-FF6C780FCA98}.Debug|Any CPU.Build.0 = Debug|Any CPU
		{CC154236-B3E5-4AEF-983A-FF6C780FCA98}.Release|Any CPU.ActiveCfg = Release|Any CPU
		{CC154236-B3E5-4AEF-983A-FF6C780FCA98}.Release|Any CPU.Build.0 = Release|Any CPU
		{F7919D99-5F10-46CA-849F-0645108A3379}.Debug|Any CPU.ActiveCfg = Debug|Any CPU
		{F7919D99-5F10-46CA-849F-0645108A3379}.Debug|Any CPU.Build.0 = Debug|Any CPU
		{F7919D99-5F10-46CA-849F-0645108A3379}.Release|Any CPU.ActiveCfg = Release|Any CPU
		{F7919D99-5F10-46CA-849F-0645108A3379}.Release|Any CPU.Build.0 = Release|Any CPU
		{8DE792A4-54E1-442D-B894-B161DD63769F}.Debug|Any CPU.ActiveCfg = Debug|Any CPU
		{8DE792A4-54E1-442D-B894-B161DD63769F}.Debug|Any CPU.Build.0 = Debug|Any CPU
		{8DE792A4-54E1-442D-B894-B161DD63769F}.Release|Any CPU.ActiveCfg = Release|Any CPU
		{8DE792A4-54E1-442D-B894-B161DD63769F}.Release|Any CPU.Build.0 = Release|Any CPU
		{1F1D8A95-86CA-4A82-801E-0A7566CD63AD}.Debug|Any CPU.ActiveCfg = Debug|Any CPU
		{1F1D8A95-86CA-4A82-801E-0A7566CD63AD}.Debug|Any CPU.Build.0 = Debug|Any CPU
		{1F1D8A95-86CA-4A82-801E-0A7566CD63AD}.Release|Any CPU.ActiveCfg = Release|Any CPU
		{1F1D8A95-86CA-4A82-801E-0A7566CD63AD}.Release|Any CPU.Build.0 = Release|Any CPU
		{CD96DB35-1D04-46DC-AACD-EB2E834ED0CD}.Debug|Any CPU.ActiveCfg = Debug|Any CPU
		{CD96DB35-1D04-46DC-AACD-EB2E834ED0CD}.Debug|Any CPU.Build.0 = Debug|Any CPU
		{CD96DB35-1D04-46DC-AACD-EB2E834ED0CD}.Release|Any CPU.ActiveCfg = Release|Any CPU
		{CD96DB35-1D04-46DC-AACD-EB2E834ED0CD}.Release|Any CPU.Build.0 = Release|Any CPU
		{AE14AAD5-70C7-4E4E-BAE5-3E7871E64EB6}.Debug|Any CPU.ActiveCfg = Debug|Any CPU
		{AE14AAD5-70C7-4E4E-BAE5-3E7871E64EB6}.Debug|Any CPU.Build.0 = Debug|Any CPU
		{AE14AAD5-70C7-4E4E-BAE5-3E7871E64EB6}.Release|Any CPU.ActiveCfg = Release|Any CPU
		{AE14AAD5-70C7-4E4E-BAE5-3E7871E64EB6}.Release|Any CPU.Build.0 = Release|Any CPU
		{97F315CC-C377-47A1-B3AA-57191EBC9688}.Debug|Any CPU.ActiveCfg = Debug|Any CPU
		{97F315CC-C377-47A1-B3AA-57191EBC9688}.Debug|Any CPU.Build.0 = Debug|Any CPU
		{97F315CC-C377-47A1-B3AA-57191EBC9688}.Release|Any CPU.ActiveCfg = Release|Any CPU
		{97F315CC-C377-47A1-B3AA-57191EBC9688}.Release|Any CPU.Build.0 = Release|Any CPU
	EndGlobalSection
	GlobalSection(SolutionProperties) = preSolution
		HideSolutionNode = FALSE
	EndGlobalSection
	GlobalSection(ExtensibilityGlobals) = postSolution
		SolutionGuid = {94D38052-4EF7-4D7C-A6B9-94CD9750BFEB}
	EndGlobalSection
EndGlobal
